// !$*UTF8*$!
{
	archiveVersion = 1;
	classes = {
	};
	objectVersion = 46;
	objects = {

/* Begin PBXBuildFile section */
		C602D08D1E2C019D0092013D /* CoreDataStack.swift in Sources */ = {isa = PBXBuildFile; fileRef = C602D08C1E2C019D0092013D /* CoreDataStack.swift */; };
		C602D08F1E2C05FD0092013D /* Constants.swift in Sources */ = {isa = PBXBuildFile; fileRef = C602D08E1E2C05FD0092013D /* Constants.swift */; };
		C602D0911E2C061C0092013D /* VirtualTouristClient.swift in Sources */ = {isa = PBXBuildFile; fileRef = C602D0901E2C061C0092013D /* VirtualTouristClient.swift */; };
		C602D0931E2C131F0092013D /* FlickrPhoto.swift in Sources */ = {isa = PBXBuildFile; fileRef = C602D0921E2C131F0092013D /* FlickrPhoto.swift */; };
		C602D0951E2D31BF0092013D /* CoreDataCollectionViewController.swift in Sources */ = {isa = PBXBuildFile; fileRef = C602D0941E2D31BF0092013D /* CoreDataCollectionViewController.swift */; };
		C602D0B31E2D6AA80092013D /* Model.xcdatamodeld in Sources */ = {isa = PBXBuildFile; fileRef = C602D0B11E2D6AA80092013D /* Model.xcdatamodeld */; };
		C602D0C01E2F07100092013D /* Photo.swift in Sources */ = {isa = PBXBuildFile; fileRef = C602D0BC1E2F07100092013D /* Photo.swift */; };
		C602D0C11E2F07100092013D /* Photo+CoreDataProperties.swift in Sources */ = {isa = PBXBuildFile; fileRef = C602D0BD1E2F07100092013D /* Photo+CoreDataProperties.swift */; };
		C602D0C21E2F07100092013D /* Pin.swift in Sources */ = {isa = PBXBuildFile; fileRef = C602D0BE1E2F07100092013D /* Pin.swift */; };
		C602D0C31E2F07100092013D /* Pin+CoreDataProperties.swift in Sources */ = {isa = PBXBuildFile; fileRef = C602D0BF1E2F07100092013D /* Pin+CoreDataProperties.swift */; };
		C602D0C51E3054460092013D /* DownloadService.swift in Sources */ = {isa = PBXBuildFile; fileRef = C602D0C41E3054460092013D /* DownloadService.swift */; };
		C602D0C71E3060140092013D /* ImageViewCell.swift in Sources */ = {isa = PBXBuildFile; fileRef = C602D0C61E3060140092013D /* ImageViewCell.swift */; };
		C6B3828F1E25D1B400277718 /* AppDelegate.swift in Sources */ = {isa = PBXBuildFile; fileRef = C6B3828E1E25D1B400277718 /* AppDelegate.swift */; };
		C6B382911E25D1B400277718 /* TravelLocationsViewController.swift in Sources */ = {isa = PBXBuildFile; fileRef = C6B382901E25D1B400277718 /* TravelLocationsViewController.swift */; };
		C6B382941E25D1B400277718 /* Main.storyboard in Resources */ = {isa = PBXBuildFile; fileRef = C6B382921E25D1B400277718 /* Main.storyboard */; };
		C6B382961E25D1B400277718 /* Assets.xcassets in Resources */ = {isa = PBXBuildFile; fileRef = C6B382951E25D1B400277718 /* Assets.xcassets */; };
		C6B382991E25D1B400277718 /* LaunchScreen.storyboard in Resources */ = {isa = PBXBuildFile; fileRef = C6B382971E25D1B400277718 /* LaunchScreen.storyboard */; };
		C6B382A41E25D93900277718 /* PhotoAlbumViewController.swift in Sources */ = {isa = PBXBuildFile; fileRef = C6B382A31E25D93900277718 /* PhotoAlbumViewController.swift */; };
		C6B382A61E26EDFE00277718 /* UserDefaultsHelper.swift in Sources */ = {isa = PBXBuildFile; fileRef = C6B382A51E26EDFE00277718 /* UserDefaultsHelper.swift */; };
/* End PBXBuildFile section */

/* Begin PBXFileReference section */
		C602D08C1E2C019D0092013D /* CoreDataStack.swift */ = {isa = PBXFileReference; fileEncoding = 4; lastKnownFileType = sourcecode.swift; path = CoreDataStack.swift; sourceTree = "<group>"; };
		C602D08E1E2C05FD0092013D /* Constants.swift */ = {isa = PBXFileReference; fileEncoding = 4; lastKnownFileType = sourcecode.swift; path = Constants.swift; sourceTree = "<group>"; };
		C602D0901E2C061C0092013D /* VirtualTouristClient.swift */ = {isa = PBXFileReference; fileEncoding = 4; lastKnownFileType = sourcecode.swift; path = VirtualTouristClient.swift; sourceTree = "<group>"; };
		C602D0921E2C131F0092013D /* FlickrPhoto.swift */ = {isa = PBXFileReference; fileEncoding = 4; lastKnownFileType = sourcecode.swift; path = FlickrPhoto.swift; sourceTree = "<group>"; };
		C602D0941E2D31BF0092013D /* CoreDataCollectionViewController.swift */ = {isa = PBXFileReference; fileEncoding = 4; lastKnownFileType = sourcecode.swift; path = CoreDataCollectionViewController.swift; sourceTree = "<group>"; };
		C602D0B21E2D6AA80092013D /* Model.xcdatamodel */ = {isa = PBXFileReference; lastKnownFileType = wrapper.xcdatamodel; path = Model.xcdatamodel; sourceTree = "<group>"; };
		C602D0BC1E2F07100092013D /* Photo.swift */ = {isa = PBXFileReference; fileEncoding = 4; lastKnownFileType = sourcecode.swift; name = Photo.swift; path = ../Photo.swift; sourceTree = "<group>"; };
		C602D0BD1E2F07100092013D /* Photo+CoreDataProperties.swift */ = {isa = PBXFileReference; fileEncoding = 4; lastKnownFileType = sourcecode.swift; name = "Photo+CoreDataProperties.swift"; path = "../Photo+CoreDataProperties.swift"; sourceTree = "<group>"; };
		C602D0BE1E2F07100092013D /* Pin.swift */ = {isa = PBXFileReference; fileEncoding = 4; lastKnownFileType = sourcecode.swift; name = Pin.swift; path = ../Pin.swift; sourceTree = "<group>"; };
		C602D0BF1E2F07100092013D /* Pin+CoreDataProperties.swift */ = {isa = PBXFileReference; fileEncoding = 4; lastKnownFileType = sourcecode.swift; name = "Pin+CoreDataProperties.swift"; path = "../Pin+CoreDataProperties.swift"; sourceTree = "<group>"; };
		C602D0C41E3054460092013D /* DownloadService.swift */ = {isa = PBXFileReference; fileEncoding = 4; lastKnownFileType = sourcecode.swift; path = DownloadService.swift; sourceTree = "<group>"; };
		C602D0C61E3060140092013D /* ImageViewCell.swift */ = {isa = PBXFileReference; fileEncoding = 4; lastKnownFileType = sourcecode.swift; path = ImageViewCell.swift; sourceTree = "<group>"; };
		C6B3828B1E25D1B400277718 /* VirtualTourist.app */ = {isa = PBXFileReference; explicitFileType = wrapper.application; includeInIndex = 0; path = VirtualTourist.app; sourceTree = BUILT_PRODUCTS_DIR; };
		C6B3828E1E25D1B400277718 /* AppDelegate.swift */ = {isa = PBXFileReference; lastKnownFileType = sourcecode.swift; path = AppDelegate.swift; sourceTree = "<group>"; };
		C6B382901E25D1B400277718 /* TravelLocationsViewController.swift */ = {isa = PBXFileReference; lastKnownFileType = sourcecode.swift; path = TravelLocationsViewController.swift; sourceTree = "<group>"; };
		C6B382931E25D1B400277718 /* Base */ = {isa = PBXFileReference; lastKnownFileType = file.storyboard; name = Base; path = Base.lproj/Main.storyboard; sourceTree = "<group>"; };
		C6B382951E25D1B400277718 /* Assets.xcassets */ = {isa = PBXFileReference; lastKnownFileType = folder.assetcatalog; path = Assets.xcassets; sourceTree = "<group>"; };
		C6B382981E25D1B400277718 /* Base */ = {isa = PBXFileReference; lastKnownFileType = file.storyboard; name = Base; path = Base.lproj/LaunchScreen.storyboard; sourceTree = "<group>"; };
		C6B3829A1E25D1B400277718 /* Info.plist */ = {isa = PBXFileReference; lastKnownFileType = text.plist.xml; path = Info.plist; sourceTree = "<group>"; };
		C6B382A31E25D93900277718 /* PhotoAlbumViewController.swift */ = {isa = PBXFileReference; fileEncoding = 4; lastKnownFileType = sourcecode.swift; path = PhotoAlbumViewController.swift; sourceTree = "<group>"; };
		C6B382A51E26EDFE00277718 /* UserDefaultsHelper.swift */ = {isa = PBXFileReference; fileEncoding = 4; lastKnownFileType = sourcecode.swift; path = UserDefaultsHelper.swift; sourceTree = "<group>"; };
/* End PBXFileReference section */

/* Begin PBXFrameworksBuildPhase section */
		C6B382881E25D1B400277718 /* Frameworks */ = {
			isa = PBXFrameworksBuildPhase;
			buildActionMask = 2147483647;
			files = (
			);
			runOnlyForDeploymentPostprocessing = 0;
		};
/* End PBXFrameworksBuildPhase section */

/* Begin PBXGroup section */
		C6B382821E25D1B400277718 = {
			isa = PBXGroup;
			children = (
				C6B3828D1E25D1B400277718 /* VirtualTourist */,
				C6B3828C1E25D1B400277718 /* Products */,
			);
			sourceTree = "<group>";
		};
		C6B3828C1E25D1B400277718 /* Products */ = {
			isa = PBXGroup;
			children = (
				C6B3828B1E25D1B400277718 /* VirtualTourist.app */,
			);
			name = Products;
			sourceTree = "<group>";
		};
		C6B3828D1E25D1B400277718 /* VirtualTourist */ = {
			isa = PBXGroup;
			children = (
				C6B382A21E25D25200277718 /* View */,
				C6B382A11E25D24700277718 /* Controller */,
				C6B382A01E25D23F00277718 /* Model */,
				C6B3828E1E25D1B400277718 /* AppDelegate.swift */,
				C6B382951E25D1B400277718 /* Assets.xcassets */,
				C6B3829A1E25D1B400277718 /* Info.plist */,
				C6B382A51E26EDFE00277718 /* UserDefaultsHelper.swift */,
			);
			path = VirtualTourist;
			sourceTree = "<group>";
		};
		C6B382A01E25D23F00277718 /* Model */ = {
			isa = PBXGroup;
			children = (
				C602D0BC1E2F07100092013D /* Photo.swift */,
				C602D0BD1E2F07100092013D /* Photo+CoreDataProperties.swift */,
				C602D0BE1E2F07100092013D /* Pin.swift */,
				C602D0BF1E2F07100092013D /* Pin+CoreDataProperties.swift */,
				C602D08C1E2C019D0092013D /* CoreDataStack.swift */,
				C602D08E1E2C05FD0092013D /* Constants.swift */,
				C602D0901E2C061C0092013D /* VirtualTouristClient.swift */,
				C602D0921E2C131F0092013D /* FlickrPhoto.swift */,
				C602D0B11E2D6AA80092013D /* Model.xcdatamodeld */,
				C602D0C41E3054460092013D /* DownloadService.swift */,
			);
			name = Model;
			sourceTree = "<group>";
		};
		C6B382A11E25D24700277718 /* Controller */ = {
			isa = PBXGroup;
			children = (
				C6B382901E25D1B400277718 /* TravelLocationsViewController.swift */,
				C6B382A31E25D93900277718 /* PhotoAlbumViewController.swift */,
				C602D0941E2D31BF0092013D /* CoreDataCollectionViewController.swift */,
			);
			name = Controller;
			sourceTree = "<group>";
		};
		C6B382A21E25D25200277718 /* View */ = {
			isa = PBXGroup;
			children = (
				C6B382921E25D1B400277718 /* Main.storyboard */,
				C6B382971E25D1B400277718 /* LaunchScreen.storyboard */,
				C602D0C61E3060140092013D /* ImageViewCell.swift */,
			);
			name = View;
			sourceTree = "<group>";
		};
/* End PBXGroup section */

/* Begin PBXNativeTarget section */
		C6B3828A1E25D1B400277718 /* VirtualTourist */ = {
			isa = PBXNativeTarget;
			buildConfigurationList = C6B3829D1E25D1B400277718 /* Build configuration list for PBXNativeTarget "VirtualTourist" */;
			buildPhases = (
				C6B382871E25D1B400277718 /* Sources */,
				C6B382881E25D1B400277718 /* Frameworks */,
				C6B382891E25D1B400277718 /* Resources */,
			);
			buildRules = (
			);
			dependencies = (
			);
			name = VirtualTourist;
			productName = VirtualTourist;
			productReference = C6B3828B1E25D1B400277718 /* VirtualTourist.app */;
			productType = "com.apple.product-type.application";
		};
/* End PBXNativeTarget section */

/* Begin PBXProject section */
		C6B382831E25D1B400277718 /* Project object */ = {
			isa = PBXProject;
			attributes = {
				LastSwiftUpdateCheck = 0820;
				LastUpgradeCheck = 0820;
				ORGANIZATIONNAME = "Gaurav Saraf";
				TargetAttributes = {
					C6B3828A1E25D1B400277718 = {
						CreatedOnToolsVersion = 8.2.1;
						DevelopmentTeam = YBP3LRB395;
						ProvisioningStyle = Automatic;
					};
				};
			};
			buildConfigurationList = C6B382861E25D1B400277718 /* Build configuration list for PBXProject "VirtualTourist" */;
			compatibilityVersion = "Xcode 3.2";
			developmentRegion = English;
			hasScannedForEncodings = 0;
			knownRegions = (
				en,
				Base,
			);
			mainGroup = C6B382821E25D1B400277718;
			productRefGroup = C6B3828C1E25D1B400277718 /* Products */;
			projectDirPath = "";
			projectRoot = "";
			targets = (
				C6B3828A1E25D1B400277718 /* VirtualTourist */,
			);
		};
/* End PBXProject section */

/* Begin PBXResourcesBuildPhase section */
		C6B382891E25D1B400277718 /* Resources */ = {
			isa = PBXResourcesBuildPhase;
			buildActionMask = 2147483647;
			files = (
				C6B382991E25D1B400277718 /* LaunchScreen.storyboard in Resources */,
				C6B382961E25D1B400277718 /* Assets.xcassets in Resources */,
				C6B382941E25D1B400277718 /* Main.storyboard in Resources */,
			);
			runOnlyForDeploymentPostprocessing = 0;
		};
/* End PBXResourcesBuildPhase section */

/* Begin PBXSourcesBuildPhase section */
		C6B382871E25D1B400277718 /* Sources */ = {
			isa = PBXSourcesBuildPhase;
			buildActionMask = 2147483647;
			files = (
				C6B382911E25D1B400277718 /* TravelLocationsViewController.swift in Sources */,
				C602D0C01E2F07100092013D /* Photo.swift in Sources */,
				C602D0C21E2F07100092013D /* Pin.swift in Sources */,
				C602D0C31E2F07100092013D /* Pin+CoreDataProperties.swift in Sources */,
				C602D08F1E2C05FD0092013D /* Constants.swift in Sources */,
				C602D0C51E3054460092013D /* DownloadService.swift in Sources */,
				C6B3828F1E25D1B400277718 /* AppDelegate.swift in Sources */,
				C602D08D1E2C019D0092013D /* CoreDataStack.swift in Sources */,
				C602D0951E2D31BF0092013D /* CoreDataCollectionViewController.swift in Sources */,
				C602D0C11E2F07100092013D /* Photo+CoreDataProperties.swift in Sources */,
				C602D0911E2C061C0092013D /* VirtualTouristClient.swift in Sources */,
				C602D0931E2C131F0092013D /* FlickrPhoto.swift in Sources */,
				C602D0C71E3060140092013D /* ImageViewCell.swift in Sources */,
				C602D0B31E2D6AA80092013D /* Model.xcdatamodeld in Sources */,
				C6B382A61E26EDFE00277718 /* UserDefaultsHelper.swift in Sources */,
				C6B382A41E25D93900277718 /* PhotoAlbumViewController.swift in Sources */,
			);
			runOnlyForDeploymentPostprocessing = 0;
		};
/* End PBXSourcesBuildPhase section */

/* Begin PBXVariantGroup section */
		C6B382921E25D1B400277718 /* Main.storyboard */ = {
			isa = PBXVariantGroup;
			children = (
				C6B382931E25D1B400277718 /* Base */,
			);
			name = Main.storyboard;
			sourceTree = "<group>";
		};
		C6B382971E25D1B400277718 /* LaunchScreen.storyboard */ = {
			isa = PBXVariantGroup;
			children = (
				C6B382981E25D1B400277718 /* Base */,
			);
			name = LaunchScreen.storyboard;
			sourceTree = "<group>";
		};
/* End PBXVariantGroup section */

/* Begin XCBuildConfiguration section */
		C6B3829B1E25D1B400277718 /* Debug */ = {
			isa = XCBuildConfiguration;
			buildSettings = {
				ALWAYS_SEARCH_USER_PATHS = NO;
				CLANG_ANALYZER_NONNULL = YES;
				CLANG_CXX_LANGUAGE_STANDARD = "gnu++0x";
				CLANG_CXX_LIBRARY = "libc++";
				CLANG_ENABLE_MODULES = YES;
				CLANG_ENABLE_OBJC_ARC = YES;
				CLANG_WARN_BOOL_CONVERSION = YES;
				CLANG_WARN_CONSTANT_CONVERSION = YES;
				CLANG_WARN_DIRECT_OBJC_ISA_USAGE = YES_ERROR;
				CLANG_WARN_DOCUMENTATION_COMMENTS = YES;
				CLANG_WARN_EMPTY_BODY = YES;
				CLANG_WARN_ENUM_CONVERSION = YES;
				CLANG_WARN_INFINITE_RECURSION = YES;
				CLANG_WARN_INT_CONVERSION = YES;
				CLANG_WARN_OBJC_ROOT_CLASS = YES_ERROR;
				CLANG_WARN_SUSPICIOUS_MOVE = YES;
				CLANG_WARN_UNREACHABLE_CODE = YES;
				CLANG_WARN__DUPLICATE_METHOD_MATCH = YES;
				"CODE_SIGN_IDENTITY[sdk=iphoneos*]" = "iPhone Developer";
				COPY_PHASE_STRIP = NO;
				DEBUG_INFORMATION_FORMAT = dwarf;
				ENABLE_STRICT_OBJC_MSGSEND = YES;
				ENABLE_TESTABILITY = YES;
				GCC_C_LANGUAGE_STANDARD = gnu99;
				GCC_DYNAMIC_NO_PIC = NO;
				GCC_NO_COMMON_BLOCKS = YES;
				GCC_OPTIMIZATION_LEVEL = 0;
				GCC_PREPROCESSOR_DEFINITIONS = (
					"DEBUG=1",
					"$(inherited)",
				);
				GCC_WARN_64_TO_32_BIT_CONVERSION = YES;
				GCC_WARN_ABOUT_RETURN_TYPE = YES_ERROR;
				GCC_WARN_UNDECLARED_SELECTOR = YES;
				GCC_WARN_UNINITIALIZED_AUTOS = YES_AGGRESSIVE;
				GCC_WARN_UNUSED_FUNCTION = YES;
				GCC_WARN_UNUSED_VARIABLE = YES;
				IPHONEOS_DEPLOYMENT_TARGET = 10.2;
				MTL_ENABLE_DEBUG_INFO = YES;
				ONLY_ACTIVE_ARCH = YES;
				SDKROOT = iphoneos;
				SWIFT_ACTIVE_COMPILATION_CONDITIONS = DEBUG;
				SWIFT_OPTIMIZATION_LEVEL = "-Onone";
			};
			name = Debug;
		};
		C6B3829C1E25D1B400277718 /* Release */ = {
			isa = XCBuildConfiguration;
			buildSettings = {
				ALWAYS_SEARCH_USER_PATHS = NO;
				CLANG_ANALYZER_NONNULL = YES;
				CLANG_CXX_LANGUAGE_STANDARD = "gnu++0x";
				CLANG_CXX_LIBRARY = "libc++";
				CLANG_ENABLE_MODULES = YES;
				CLANG_ENABLE_OBJC_ARC = YES;
				CLANG_WARN_BOOL_CONVERSION = YES;
				CLANG_WARN_CONSTANT_CONVERSION = YES;
				CLANG_WARN_DIRECT_OBJC_ISA_USAGE = YES_ERROR;
				CLANG_WARN_DOCUMENTATION_COMMENTS = YES;
				CLANG_WARN_EMPTY_BODY = YES;
				CLANG_WARN_ENUM_CONVERSION = YES;
				CLANG_WARN_INFINITE_RECURSION = YES;
				CLANG_WARN_INT_CONVERSION = YES;
				CLANG_WARN_OBJC_ROOT_CLASS = YES_ERROR;
				CLANG_WARN_SUSPICIOUS_MOVE = YES;
				CLANG_WARN_UNREACHABLE_CODE = YES;
				CLANG_WARN__DUPLICATE_METHOD_MATCH = YES;
				"CODE_SIGN_IDENTITY[sdk=iphoneos*]" = "iPhone Developer";
				COPY_PHASE_STRIP = NO;
				DEBUG_INFORMATION_FORMAT = "dwarf-with-dsym";
				ENABLE_NS_ASSERTIONS = NO;
				ENABLE_STRICT_OBJC_MSGSEND = YES;
				GCC_C_LANGUAGE_STANDARD = gnu99;
				GCC_NO_COMMON_BLOCKS = YES;
				GCC_WARN_64_TO_32_BIT_CONVERSION = YES;
				GCC_WARN_ABOUT_RETURN_TYPE = YES_ERROR;
				GCC_WARN_UNDECLARED_SELECTOR = YES;
				GCC_WARN_UNINITIALIZED_AUTOS = YES_AGGRESSIVE;
				GCC_WARN_UNUSED_FUNCTION = YES;
				GCC_WARN_UNUSED_VARIABLE = YES;
				IPHONEOS_DEPLOYMENT_TARGET = 10.2;
				MTL_ENABLE_DEBUG_INFO = NO;
				SDKROOT = iphoneos;
				SWIFT_OPTIMIZATION_LEVEL = "-Owholemodule";
				VALIDATE_PRODUCT = YES;
			};
			name = Release;
		};
		C6B3829E1E25D1B400277718 /* Debug */ = {
			isa = XCBuildConfiguration;
			buildSettings = {
				ASSETCATALOG_COMPILER_APPICON_NAME = AppIcon;
				DEVELOPMENT_TEAM = YBP3LRB395;
				INFOPLIST_FILE = VirtualTourist/Info.plist;
				LD_RUNPATH_SEARCH_PATHS = "$(inherited) @executable_path/Frameworks";
				PRODUCT_BUNDLE_IDENTIFIER = com.saraf.VirtualTourist;
				PRODUCT_NAME = "$(TARGET_NAME)";
				SWIFT_VERSION = 3.0;
			};
			name = Debug;
		};
		C6B3829F1E25D1B400277718 /* Release */ = {
			isa = XCBuildConfiguration;
			buildSettings = {
				ASSETCATALOG_COMPILER_APPICON_NAME = AppIcon;
				DEVELOPMENT_TEAM = YBP3LRB395;
				INFOPLIST_FILE = VirtualTourist/Info.plist;
				LD_RUNPATH_SEARCH_PATHS = "$(inherited) @executable_path/Frameworks";
				PRODUCT_BUNDLE_IDENTIFIER = com.saraf.VirtualTourist;
				PRODUCT_NAME = "$(TARGET_NAME)";
				SWIFT_VERSION = 3.0;
			};
			name = Release;
		};
/* End XCBuildConfiguration section */

/* Begin XCConfigurationList section */
		C6B382861E25D1B400277718 /* Build configuration list for PBXProject "VirtualTourist" */ = {
			isa = XCConfigurationList;
			buildConfigurations = (
				C6B3829B1E25D1B400277718 /* Debug */,
				C6B3829C1E25D1B400277718 /* Release */,
			);
			defaultConfigurationIsVisible = 0;
			defaultConfigurationName = Release;
		};
		C6B3829D1E25D1B400277718 /* Build configuration list for PBXNativeTarget "VirtualTourist" */ = {
			isa = XCConfigurationList;
			buildConfigurations = (
				C6B3829E1E25D1B400277718 /* Debug */,
				C6B3829F1E25D1B400277718 /* Release */,
			);
			defaultConfigurationIsVisible = 0;
			defaultConfigurationName = Release;
		};
/* End XCConfigurationList section */

/* Begin XCVersionGroup section */
		C602D0B11E2D6AA80092013D /* Model.xcdatamodeld */ = {
			isa = XCVersionGroup;
			children = (
				C602D0B21E2D6AA80092013D /* Model.xcdatamodel */,
			);
			currentVersion = C602D0B21E2D6AA80092013D /* Model.xcdatamodel */;
			path = Model.xcdatamodeld;
			sourceTree = "<group>";
			versionGroupType = wrapper.xcdatamodel;
		};
/* End XCVersionGroup section */
	};
	rootObject = C6B382831E25D1B400277718 /* Project object */;
}
